<Solution>
  <Folder Name="/Solution Items/">
    <File Path=".dockerignore" />
    <File Path=".editorconfig" />
    <File Path=".gitignore" />
    <File Path="Directory.Build.props" />
    <File Path="Directory.Packages.props" />
    <File Path="docker-compose.yml" />
    <File Path="README.md" />
  </Folder>
  <Folder Name="/src/0 - Domain/">
    <Project Path="src/Company.SampleService.Domain/Company.SampleService.Domain.csproj" />
  </Folder>
  <Folder Name="/src/1 - Application/">
    <Project Path="src/Company.SampleService.Application/Company.SampleService.Application.csproj" />
    <Project Path="src/Company.SampleService.Messages/Company.SampleService.Messages.csproj" />
  </Folder>
  <Folder Name="/src/2 - Infrastructure/">
#if (useAuth)
    <Project Path="src/Company.SampleService.Infrastructure.Auth/Company.SampleService.Infrastructure.Auth.csproj" />
#endif
#if (useKafka)
    <Project Path="src/Company.SampleService.Infrastructure.Kafka/Company.SampleService.Infrastructure.Kafka.csproj" />
#endif
    <Project Path="src/Company.SampleService.Infrastructure.Http/Company.SampleService.Infrastructure.Http.csproj" />
#if (useMongoDB)
    <Project Path="src/Company.SampleService.Infrastructure.MongoDb/Company.SampleService.Infrastructure.MongoDb.csproj" />
#endif
#if (usePostgreSql)
    <Project Path="src/Company.SampleService.Infrastructure.PostgreSql/Company.SampleService.Infrastructure.PostgreSql.csproj" />
#endif
#if (useSqlServer)
    <Project Path="src/Company.SampleService.Infrastructure.SqlServer/Company.SampleService.Infrastructure.SqlServer.csproj" />
#endif
  </Folder>
  <Folder Name="/src/3 - WebApi/">
    <Project Path="src/Company.SampleService.WebApi/Company.SampleService.WebApi.csproj" />
  </Folder>
  <Folder Name="/tests/">
    <Project Path="tests/Company.SampleService.CommomTestsUtilities/Company.SampleService.CommomTestsUtilities.csproj" />
    <Project Path="tests/Company.SampleService.FunctionalTests/Company.SampleService.FunctionalTests.csproj" />
    <Project Path="tests/Company.SampleService.IntegratedTests/Company.SampleService.IntegratedTests.csproj" />
    <Project Path="tests/Company.SampleService.UnitTests/Company.SampleService.UnitTests.csproj" />
  </Folder>
</Solution>
